
Microsoft Visual Studio Solution File, Format Version 12.00
# Visual Studio Version 17
VisualStudioVersion = 17.3.32929.385
MinimumVisualStudioVersion = 10.0.40219.1
Project("{FAE04EC0-301F-11D3-BF4B-00C04F79EFBC}") = "PrimeService", "PrimeService.csproj", "{4AAC6B8B-1424-42D4-9404-A17114F3DE48}"
EndProject
Project("{FAE04EC0-301F-11D3-BF4B-00C04F79EFBC}") = "PrimeService.Test", "..\PrimeService.Test\PrimeService.Test.csproj", "{8ED4AFB0-4938-426D-A789-29212B2CB6F3}"
EndProject
Project("{2150E333-8FDC-42A3-9474-1A3956D46DE8}") = "Arquivo Pipeline", "Arquivo Pipeline", "{C5D71BD4-2868-4BFA-88D1-258F44814671}"
	ProjectSection(SolutionItems) = preProject
		..\.github\workflows\pipeline.yml = ..\.github\workflows\pipeline.yml
	EndProjectSection
EndProject
Global
	GlobalSection(SolutionConfigurationPlatforms) = preSolution
		Debug|Any CPU = Debug|Any CPU
		Release|Any CPU = Release|Any CPU
	EndGlobalSection
	GlobalSection(ProjectConfigurationPlatforms) = postSolution
		{4AAC6B8B-1424-42D4-9404-A17114F3DE48}.Debug|Any CPU.ActiveCfg = Debug|Any CPU
		{4AAC6B8B-1424-42D4-9404-A17114F3DE48}.Debug|Any CPU.Build.0 = Debug|Any CPU
		{4AAC6B8B-1424-42D4-9404-A17114F3DE48}.Release|Any CPU.ActiveCfg = Release|Any CPU
		{4AAC6B8B-1424-42D4-9404-A17114F3DE48}.Release|Any CPU.Build.0 = Release|Any CPU
		{8ED4AFB0-4938-426D-A789-29212B2CB6F3}.Debug|Any CPU.ActiveCfg = Debug|Any CPU
		{8ED4AFB0-4938-426D-A789-29212B2CB6F3}.Debug|Any CPU.Build.0 = Debug|Any CPU
		{8ED4AFB0-4938-426D-A789-29212B2CB6F3}.Release|Any CPU.ActiveCfg = Release|Any CPU
		{8ED4AFB0-4938-426D-A789-29212B2CB6F3}.Release|Any CPU.Build.0 = Release|Any CPU
	EndGlobalSection
	GlobalSection(SolutionProperties) = preSolution
		HideSolutionNode = FALSE
	EndGlobalSection
	GlobalSection(ExtensibilityGlobals) = postSolution
		SolutionGuid = {C5A1D4B5-E656-4C10-9926-3716F1C1B782}
	EndGlobalSection
EndGlobal
